
Microsoft Visual Studio Solution File, Format Version 12.00
# Visual Studio Version 17
VisualStudioVersion = 17.3.32929.385
MinimumVisualStudioVersion = 10.0.40219.1
Project("{8BC9CEB8-8B4A-11D0-8D11-00A0C91BC942}") = "Lab_class", "Lab_class\Lab_class.vcxproj", "{091FB3E2-CA91-4397-B46A-E8B08DD6BC8C}"
EndProject
Global
	GlobalSection(SolutionConfigurationPlatforms) = preSolution
		Debug|x64 = Debug|x64
		Debug|x86 = Debug|x86
		Release|x64 = Release|x64
		Release|x86 = Release|x86
	EndGlobalSection
	GlobalSection(ProjectConfigurationPlatforms) = postSolution
		{091FB3E2-CA91-4397-B46A-E8B08DD6BC8C}.Debug|x64.ActiveCfg = Debug|x64
		{091FB3E2-CA91-4397-B46A-E8B08DD6BC8C}.Debug|x64.Build.0 = Debug|x64
		{091FB3E2-CA91-4397-B46A-E8B08DD6BC8C}.Debug|x86.ActiveCfg = Debug|Win32
		{091FB3E2-CA91-4397-B46A-E8B08DD6BC8C}.Debug|x86.Build.0 = Debug|Win32
		{091FB3E2-CA91-4397-B46A-E8B08DD6BC8C}.Release|x64.ActiveCfg = Release|x64
		{091FB3E2-CA91-4397-B46A-E8B08DD6BC8C}.Release|x64.Build.0 = Release|x64
		{091FB3E2-CA91-4397-B46A-E8B08DD6BC8C}.Release|x86.ActiveCfg = Release|Win32
		{091FB3E2-CA91-4397-B46A-E8B08DD6BC8C}.Release|x86.Build.0 = Release|Win32
	EndGlobalSection
	GlobalSection(SolutionProperties) = preSolution
		HideSolutionNode = FALSE
	EndGlobalSection
	GlobalSection(ExtensibilityGlobals) = postSolution
		SolutionGuid = {396B6669-502F-4764-96D3-75D72CEA34B5}
	EndGlobalSection
EndGlobal
